
Microsoft Visual Studio Solution File, Format Version 10.00
# Visual Studio 2008
Project("{FAE04EC0-301F-11D3-BF4B-00C04F79EFBC}") = "AspNetCompatiSvc", "AspNetCompatiSvc\AspNetCompatiSvc.csproj", "{0BE6330E-0BEF-49E1-BB7F-78347239EFB2}"
EndProject
Project("{FAE04EC0-301F-11D3-BF4B-00C04F79EFBC}") = "AspNetCompatiClient", "AspNetCompatiClient\AspNetCompatiClient.csproj", "{3E6C774C-D00A-4EBA-8EB8-792BEE6971A4}"
EndProject
Global
	GlobalSection(SolutionConfigurationPlatforms) = preSolution
		Debug|Any CPU = Debug|Any CPU
		Release|Any CPU = Release|Any CPU
	EndGlobalSection
	GlobalSection(ProjectConfigurationPlatforms) = postSolution
		{0BE6330E-0BEF-49E1-BB7F-78347239EFB2}.Debug|Any CPU.ActiveCfg = Debug|Any CPU
		{0BE6330E-0BEF-49E1-BB7F-78347239EFB2}.Debug|Any CPU.Build.0 = Debug|Any CPU
		{0BE6330E-0BEF-49E1-BB7F-78347239EFB2}.Release|Any CPU.ActiveCfg = Release|Any CPU
		{0BE6330E-0BEF-49E1-BB7F-78347239EFB2}.Release|Any CPU.Build.0 = Release|Any CPU
		{3E6C774C-D00A-4EBA-8EB8-792BEE6971A4}.Debug|Any CPU.ActiveCfg = Debug|Any CPU
		{3E6C774C-D00A-4EBA-8EB8-792BEE6971A4}.Debug|Any CPU.Build.0 = Debug|Any CPU
		{3E6C774C-D00A-4EBA-8EB8-792BEE6971A4}.Release|Any CPU.ActiveCfg = Release|Any CPU
		{3E6C774C-D00A-4EBA-8EB8-792BEE6971A4}.Release|Any CPU.Build.0 = Release|Any CPU
	EndGlobalSection
	GlobalSection(SolutionProperties) = preSolution
		HideSolutionNode = FALSE
	EndGlobalSection
EndGlobal
